
Microsoft Visual Studio Solution File, Format Version 12.00
# Visual Studio Version 17
VisualStudioVersion = 17.0.31919.166
MinimumVisualStudioVersion = 10.0.40219.1
Project("{FAE04EC0-301F-11D3-BF4B-00C04F79EFBC}") = "01-Intro", "01-Intro\01-Intro.csproj", "{59C76223-88B2-42BF-8A22-2AC37CFD6523}"
EndProject
Global
	GlobalSection(SolutionConfigurationPlatforms) = preSolution
		Debug|Any CPU = Debug|Any CPU
		Release|Any CPU = Release|Any CPU
	EndGlobalSection
	GlobalSection(ProjectConfigurationPlatforms) = postSolution
		{59C76223-88B2-42BF-8A22-2AC37CFD6523}.Debug|Any CPU.ActiveCfg = Debug|Any CPU
		{59C76223-88B2-42BF-8A22-2AC37CFD6523}.Debug|Any CPU.Build.0 = Debug|Any CPU
		{59C76223-88B2-42BF-8A22-2AC37CFD6523}.Release|Any CPU.ActiveCfg = Release|Any CPU
		{59C76223-88B2-42BF-8A22-2AC37CFD6523}.Release|Any CPU.Build.0 = Release|Any CPU
	EndGlobalSection
	GlobalSection(SolutionProperties) = preSolution
		HideSolutionNode = FALSE
	EndGlobalSection
	GlobalSection(ExtensibilityGlobals) = postSolution
		SolutionGuid = {C979B671-B59B-4B17-88DA-25462994DC00}
	EndGlobalSection
EndGlobal
